
Microsoft Visual Studio Solution File, Format Version 12.00
Project("{FAE04EC0-301F-11D3-BF4B-00C04F79EFBC}") = "LAB3-MDK01.04.NAZAROV", "LAB3-MDK01.04.NAZAROV\LAB3-MDK01.04.NAZAROV.csproj", "{E0F41A51-1923-4185-8815-71ED5A6B5EAF}"
EndProject
Global
	GlobalSection(SolutionConfigurationPlatforms) = preSolution
		Debug|Any CPU = Debug|Any CPU
		Release|Any CPU = Release|Any CPU
	EndGlobalSection
	GlobalSection(ProjectConfigurationPlatforms) = postSolution
		{E0F41A51-1923-4185-8815-71ED5A6B5EAF}.Debug|Any CPU.ActiveCfg = Debug|Any CPU
		{E0F41A51-1923-4185-8815-71ED5A6B5EAF}.Debug|Any CPU.Build.0 = Debug|Any CPU
		{E0F41A51-1923-4185-8815-71ED5A6B5EAF}.Release|Any CPU.ActiveCfg = Release|Any CPU
		{E0F41A51-1923-4185-8815-71ED5A6B5EAF}.Release|Any CPU.Build.0 = Release|Any CPU
	EndGlobalSection
EndGlobal
